PODS:
  - Alamofire (4.7.0)
  - LicensesViewController (0.7.0)
  - ResearchKit (2.0.0)

DEPENDENCIES:
  - Alamofire
  - LicensesViewController (~> 0.7.0)
  - "ResearchKit (from `git@github.com:PersonalTouchProjects/ResearchKit.git`, branch `mytouch`)"

SPEC REPOS:
  https://github.com/cocoapods/specs.git:
    - Alamofire
    - LicensesViewController

EXTERNAL SOURCES:
  ResearchKit:
    :branch: mytouch
    :git: "git@github.com:PersonalTouchProjects/ResearchKit.git"

CHECKOUT OPTIONS:
  ResearchKit:
    :commit: 12b2df63b4c243b3c5fc5e44e4de2aa7101c0296
    :git: "git@github.com:PersonalTouchProjects/ResearchKit.git"

SPEC CHECKSUMS:
  Alamofire: 907e0a98eb68cdb7f9d1f541a563d6ac5dc77b25
  LicensesViewController: 2f7bba13b3cec7516d4990e41df297720fdbaaab
  ResearchKit: 0133d483eb85d977c96e5dbbf2a234ac7bd43545

PODFILE CHECKSUM: 3339fdbfd9110a6143d44a078a96015da2901a5c

COCOAPODS: 1.7.0
