PODS:
  - Alamofire (4.7.0)
  - LicensesViewController (0.7.0)
  - ResearchKit (2.0.0)

DEPENDENCIES:
  - Alamofire
  - LicensesViewController (~> 0.7.0)
  - ResearchKit (from `/Users/tommy/Workspace/HCI/ResearchKit`)

SPEC REPOS:
  https://github.com/cocoapods/specs.git:
    - Alamofire
    - LicensesViewController

EXTERNAL SOURCES:
  ResearchKit:
    :path: "/Users/tommy/Workspace/HCI/ResearchKit"

SPEC CHECKSUMS:
  Alamofire: 907e0a98eb68cdb7f9d1f541a563d6ac5dc77b25
  LicensesViewController: 2f7bba13b3cec7516d4990e41df297720fdbaaab
  ResearchKit: eaf0dd6d6b8a2c3768cc0f84bcd22a38c84b626b

PODFILE CHECKSUM: 710d8fd7cd5741ebf1b4b67e41391b3a940dd2c1

COCOAPODS: 1.6.1
