PODS:
  - ResearchKit (1.5.2)

DEPENDENCIES:
  - ResearchKit (from `/Users/tommy/Workspace/HCI/ResearchKit`)

EXTERNAL SOURCES:
  ResearchKit:
    :path: "/Users/tommy/Workspace/HCI/ResearchKit"

SPEC CHECKSUMS:
  ResearchKit: 35c32ed3dc7ad48a26bb077515723d72fa1e8676

PODFILE CHECKSUM: 0dad042980757f867e2ecc0752d736d8d74275d2

COCOAPODS: 1.5.3
