// !$*UTF8*$!
{
	archiveVersion = 1;
	classes = {
	};
	objectVersion = 50;
	objects = {

/* Begin PBXBuildFile section */
		6514074820FC9770006BD17A /* EventsManager.swift in Sources */ = {isa = PBXBuildFile; fileRef = 6514074720FC9770006BD17A /* EventsManager.swift */; };
		6514074A20FDB013006BD17A /* Collection+HCI.swift in Sources */ = {isa = PBXBuildFile; fileRef = 6514074920FDB013006BD17A /* Collection+HCI.swift */; };
		6548A9EC20E663E700B7C73F /* AppDelegate.swift in Sources */ = {isa = PBXBuildFile; fileRef = 6548A9EB20E663E700B7C73F /* AppDelegate.swift */; };
		6548A9F120E663E800B7C73F /* Main.storyboard in Resources */ = {isa = PBXBuildFile; fileRef = 6548A9EF20E663E800B7C73F /* Main.storyboard */; };
		6548A9F320E663E900B7C73F /* Assets.xcassets in Resources */ = {isa = PBXBuildFile; fileRef = 6548A9F220E663E900B7C73F /* Assets.xcassets */; };
		6548A9F620E663E900B7C73F /* LaunchScreen.storyboard in Resources */ = {isa = PBXBuildFile; fileRef = 6548A9F420E663E900B7C73F /* LaunchScreen.storyboard */; };
		6548A9FF20E6655500B7C73F /* RawTouch.swift in Sources */ = {isa = PBXBuildFile; fileRef = 6548A9FE20E6655500B7C73F /* RawTouch.swift */; };
		6548AA0120E665E800B7C73F /* Trial.swift in Sources */ = {isa = PBXBuildFile; fileRef = 6548AA0020E665E800B7C73F /* Trial.swift */; };
		6548AA0320E6664A00B7C73F /* TapTrial.swift in Sources */ = {isa = PBXBuildFile; fileRef = 6548AA0220E6664A00B7C73F /* TapTrial.swift */; };
		6548AA0520E666A600B7C73F /* Task.swift in Sources */ = {isa = PBXBuildFile; fileRef = 6548AA0420E666A600B7C73F /* Task.swift */; };
		6548AA0720E666CF00B7C73F /* SwipeTrial.swift in Sources */ = {isa = PBXBuildFile; fileRef = 6548AA0620E666CF00B7C73F /* SwipeTrial.swift */; };
		6548AA0B20E667BB00B7C73F /* DragAndDropTrial.swift in Sources */ = {isa = PBXBuildFile; fileRef = 6548AA0A20E667BB00B7C73F /* DragAndDropTrial.swift */; };
		6548AA0D20E6684400B7C73F /* Exam.swift in Sources */ = {isa = PBXBuildFile; fileRef = 6548AA0C20E6684400B7C73F /* Exam.swift */; };
		6548AA0F20E66DAD00B7C73F /* HomeViewController.swift in Sources */ = {isa = PBXBuildFile; fileRef = 6548AA0E20E66DAD00B7C73F /* HomeViewController.swift */; };
		6548AA1820E6717000B7C73F /* Localizable.strings in Resources */ = {isa = PBXBuildFile; fileRef = 6548AA1A20E6717000B7C73F /* Localizable.strings */; };
		6548AA1F20E6770200B7C73F /* UIImage+HCI.swift in Sources */ = {isa = PBXBuildFile; fileRef = 6548AA1E20E6770200B7C73F /* UIImage+HCI.swift */; };
		6548AA2B20E769F600B7C73F /* TapPracticeView.swift in Sources */ = {isa = PBXBuildFile; fileRef = 6548AA2A20E769F600B7C73F /* TapPracticeView.swift */; };
		6548AA2D20E7A84000B7C73F /* RawTouchTrack.swift in Sources */ = {isa = PBXBuildFile; fileRef = 6548AA2C20E7A84000B7C73F /* RawTouchTrack.swift */; };
		6548AA3020E7B2B400B7C73F /* UIColor+HCI.swift in Sources */ = {isa = PBXBuildFile; fileRef = 6548AA2F20E7B2B400B7C73F /* UIColor+HCI.swift */; };
		65721BE920E9F4E900466E22 /* TapTrialView.swift in Sources */ = {isa = PBXBuildFile; fileRef = 65721BE820E9F4E900466E22 /* TapTrialView.swift */; };
		65721BEB20EA28BE00466E22 /* TouchUpInsideGestureRecognizer.swift in Sources */ = {isa = PBXBuildFile; fileRef = 65721BEA20EA28BE00466E22 /* TouchUpInsideGestureRecognizer.swift */; };
		6582148220ECF6B50025A03B /* TrialView.swift in Sources */ = {isa = PBXBuildFile; fileRef = 6582148120ECF6B50025A03B /* TrialView.swift */; };
		6592ACF920E90667006A1BCB /* CountdownView.swift in Sources */ = {isa = PBXBuildFile; fileRef = 6592ACF820E90667006A1BCB /* CountdownView.swift */; };
		65A470CC20EF967A0055E46E /* TaskInstructionViewController.swift in Sources */ = {isa = PBXBuildFile; fileRef = 65A470CB20EF967A0055E46E /* TaskInstructionViewController.swift */; };
		65A470CE20EF9EF20055E46E /* TapTaskInstructionViewController.swift in Sources */ = {isa = PBXBuildFile; fileRef = 65A470CD20EF9EF10055E46E /* TapTaskInstructionViewController.swift */; };
		65DC072E20F141E70070A7A7 /* TapTaskPracticeViewController.swift in Sources */ = {isa = PBXBuildFile; fileRef = 65DC072D20F141E70070A7A7 /* TapTaskPracticeViewController.swift */; };
		65DE73BC20F0F04E009D5928 /* GestureRecognizerEvent.swift in Sources */ = {isa = PBXBuildFile; fileRef = 65DE73BB20F0F04E009D5928 /* GestureRecognizerEvent.swift */; };
		65EE0F0920EF42F200EB8929 /* UIView+HCI.swift in Sources */ = {isa = PBXBuildFile; fileRef = 65EE0F0820EF42F200EB8929 /* UIView+HCI.swift */; };
		65F8BD4D20EAAB25002F7C69 /* TzuChuanGestureRecognizer.swift in Sources */ = {isa = PBXBuildFile; fileRef = 65F8BD4C20EAAB25002F7C69 /* TzuChuanGestureRecognizer.swift */; };
		65F9245F20E800C900A32BB0 /* TouchTrackingView.swift in Sources */ = {isa = PBXBuildFile; fileRef = 65F9245E20E800C900A32BB0 /* TouchTrackingView.swift */; };
		65F9246120E8A81100A32BB0 /* TaskTrialViewController.swift in Sources */ = {isa = PBXBuildFile; fileRef = 65F9246020E8A81100A32BB0 /* TaskTrialViewController.swift */; };
		65F9246320E8D24000A32BB0 /* TaskEndViewController.swift in Sources */ = {isa = PBXBuildFile; fileRef = 65F9246220E8D24000A32BB0 /* TaskEndViewController.swift */; };
		65F9246620E8D39A00A32BB0 /* TapTaskTrialViewController.swift in Sources */ = {isa = PBXBuildFile; fileRef = 65F9246520E8D39A00A32BB0 /* TapTaskTrialViewController.swift */; };
		65FC45A320F39FAF00B2A7CF /* DeviceInfo.swift in Sources */ = {isa = PBXBuildFile; fileRef = 65FC45A220F39FAF00B2A7CF /* DeviceInfo.swift */; };
		65FC45A520F3A00900B2A7CF /* UIDevice+HCI.swift in Sources */ = {isa = PBXBuildFile; fileRef = 65FC45A420F3A00900B2A7CF /* UIDevice+HCI.swift */; };
		65FC45A720F3A04C00B2A7CF /* UIApplication+HCI.swift in Sources */ = {isa = PBXBuildFile; fileRef = 65FC45A620F3A04C00B2A7CF /* UIApplication+HCI.swift */; };
		65FC45A920F3A13300B2A7CF /* Participant.swift in Sources */ = {isa = PBXBuildFile; fileRef = 65FC45A820F3A13300B2A7CF /* Participant.swift */; };
/* End PBXBuildFile section */

/* Begin PBXFileReference section */
		6514074720FC9770006BD17A /* EventsManager.swift */ = {isa = PBXFileReference; lastKnownFileType = sourcecode.swift; path = EventsManager.swift; sourceTree = "<group>"; };
		6514074920FDB013006BD17A /* Collection+HCI.swift */ = {isa = PBXFileReference; lastKnownFileType = sourcecode.swift; path = "Collection+HCI.swift"; sourceTree = "<group>"; };
		6548A9E820E663E700B7C73F /* MyTouch.app */ = {isa = PBXFileReference; explicitFileType = wrapper.application; includeInIndex = 0; path = MyTouch.app; sourceTree = BUILT_PRODUCTS_DIR; };
		6548A9EB20E663E700B7C73F /* AppDelegate.swift */ = {isa = PBXFileReference; lastKnownFileType = sourcecode.swift; path = AppDelegate.swift; sourceTree = "<group>"; };
		6548A9F020E663E800B7C73F /* Base */ = {isa = PBXFileReference; lastKnownFileType = file.storyboard; name = Base; path = Base.lproj/Main.storyboard; sourceTree = "<group>"; };
		6548A9F220E663E900B7C73F /* Assets.xcassets */ = {isa = PBXFileReference; lastKnownFileType = folder.assetcatalog; path = Assets.xcassets; sourceTree = "<group>"; };
		6548A9F520E663E900B7C73F /* Base */ = {isa = PBXFileReference; lastKnownFileType = file.storyboard; name = Base; path = Base.lproj/LaunchScreen.storyboard; sourceTree = "<group>"; };
		6548A9F720E663E900B7C73F /* Info.plist */ = {isa = PBXFileReference; lastKnownFileType = text.plist.xml; path = Info.plist; sourceTree = "<group>"; };
		6548A9FE20E6655500B7C73F /* RawTouch.swift */ = {isa = PBXFileReference; lastKnownFileType = sourcecode.swift; path = RawTouch.swift; sourceTree = "<group>"; };
		6548AA0020E665E800B7C73F /* Trial.swift */ = {isa = PBXFileReference; lastKnownFileType = sourcecode.swift; path = Trial.swift; sourceTree = "<group>"; };
		6548AA0220E6664A00B7C73F /* TapTrial.swift */ = {isa = PBXFileReference; lastKnownFileType = sourcecode.swift; path = TapTrial.swift; sourceTree = "<group>"; };
		6548AA0420E666A600B7C73F /* Task.swift */ = {isa = PBXFileReference; lastKnownFileType = sourcecode.swift; path = Task.swift; sourceTree = "<group>"; };
		6548AA0620E666CF00B7C73F /* SwipeTrial.swift */ = {isa = PBXFileReference; lastKnownFileType = sourcecode.swift; path = SwipeTrial.swift; sourceTree = "<group>"; };
		6548AA0A20E667BB00B7C73F /* DragAndDropTrial.swift */ = {isa = PBXFileReference; lastKnownFileType = sourcecode.swift; path = DragAndDropTrial.swift; sourceTree = "<group>"; };
		6548AA0C20E6684400B7C73F /* Exam.swift */ = {isa = PBXFileReference; lastKnownFileType = sourcecode.swift; path = Exam.swift; sourceTree = "<group>"; };
		6548AA0E20E66DAD00B7C73F /* HomeViewController.swift */ = {isa = PBXFileReference; lastKnownFileType = sourcecode.swift; path = HomeViewController.swift; sourceTree = "<group>"; };
		6548AA1920E6717000B7C73F /* en */ = {isa = PBXFileReference; lastKnownFileType = text.plist.strings; name = en; path = en.lproj/Localizable.strings; sourceTree = "<group>"; };
		6548AA1B20E6718200B7C73F /* zh-Hant */ = {isa = PBXFileReference; lastKnownFileType = text.plist.strings; name = "zh-Hant"; path = "zh-Hant.lproj/Main.strings"; sourceTree = "<group>"; };
		6548AA1C20E6718200B7C73F /* zh-Hant */ = {isa = PBXFileReference; lastKnownFileType = text.plist.strings; name = "zh-Hant"; path = "zh-Hant.lproj/LaunchScreen.strings"; sourceTree = "<group>"; };
		6548AA1D20E6718200B7C73F /* zh-Hant */ = {isa = PBXFileReference; lastKnownFileType = text.plist.strings; name = "zh-Hant"; path = "zh-Hant.lproj/Localizable.strings"; sourceTree = "<group>"; };
		6548AA1E20E6770200B7C73F /* UIImage+HCI.swift */ = {isa = PBXFileReference; lastKnownFileType = sourcecode.swift; path = "UIImage+HCI.swift"; sourceTree = "<group>"; };
		6548AA2A20E769F600B7C73F /* TapPracticeView.swift */ = {isa = PBXFileReference; lastKnownFileType = sourcecode.swift; path = TapPracticeView.swift; sourceTree = "<group>"; };
		6548AA2C20E7A84000B7C73F /* RawTouchTrack.swift */ = {isa = PBXFileReference; lastKnownFileType = sourcecode.swift; path = RawTouchTrack.swift; sourceTree = "<group>"; };
		6548AA2F20E7B2B400B7C73F /* UIColor+HCI.swift */ = {isa = PBXFileReference; lastKnownFileType = sourcecode.swift; path = "UIColor+HCI.swift"; sourceTree = "<group>"; };
		65721BE820E9F4E900466E22 /* TapTrialView.swift */ = {isa = PBXFileReference; lastKnownFileType = sourcecode.swift; path = TapTrialView.swift; sourceTree = "<group>"; };
		65721BEA20EA28BE00466E22 /* TouchUpInsideGestureRecognizer.swift */ = {isa = PBXFileReference; lastKnownFileType = sourcecode.swift; path = TouchUpInsideGestureRecognizer.swift; sourceTree = "<group>"; };
		6582148120ECF6B50025A03B /* TrialView.swift */ = {isa = PBXFileReference; lastKnownFileType = sourcecode.swift; path = TrialView.swift; sourceTree = "<group>"; };
		6592ACF820E90667006A1BCB /* CountdownView.swift */ = {isa = PBXFileReference; lastKnownFileType = sourcecode.swift; path = CountdownView.swift; sourceTree = "<group>"; };
		65A470CB20EF967A0055E46E /* TaskInstructionViewController.swift */ = {isa = PBXFileReference; lastKnownFileType = sourcecode.swift; path = TaskInstructionViewController.swift; sourceTree = "<group>"; };
		65A470CD20EF9EF10055E46E /* TapTaskInstructionViewController.swift */ = {isa = PBXFileReference; lastKnownFileType = sourcecode.swift; path = TapTaskInstructionViewController.swift; sourceTree = "<group>"; };
		65DC072D20F141E70070A7A7 /* TapTaskPracticeViewController.swift */ = {isa = PBXFileReference; lastKnownFileType = sourcecode.swift; path = TapTaskPracticeViewController.swift; sourceTree = "<group>"; };
		65DE73BB20F0F04E009D5928 /* GestureRecognizerEvent.swift */ = {isa = PBXFileReference; lastKnownFileType = sourcecode.swift; path = GestureRecognizerEvent.swift; sourceTree = "<group>"; };
		65EE0F0820EF42F200EB8929 /* UIView+HCI.swift */ = {isa = PBXFileReference; lastKnownFileType = sourcecode.swift; path = "UIView+HCI.swift"; sourceTree = "<group>"; };
		65F8BD4C20EAAB25002F7C69 /* TzuChuanGestureRecognizer.swift */ = {isa = PBXFileReference; lastKnownFileType = sourcecode.swift; path = TzuChuanGestureRecognizer.swift; sourceTree = "<group>"; };
		65F9245E20E800C900A32BB0 /* TouchTrackingView.swift */ = {isa = PBXFileReference; lastKnownFileType = sourcecode.swift; path = TouchTrackingView.swift; sourceTree = "<group>"; };
		65F9246020E8A81100A32BB0 /* TaskTrialViewController.swift */ = {isa = PBXFileReference; lastKnownFileType = sourcecode.swift; path = TaskTrialViewController.swift; sourceTree = "<group>"; };
		65F9246220E8D24000A32BB0 /* TaskEndViewController.swift */ = {isa = PBXFileReference; lastKnownFileType = sourcecode.swift; path = TaskEndViewController.swift; sourceTree = "<group>"; };
		65F9246520E8D39A00A32BB0 /* TapTaskTrialViewController.swift */ = {isa = PBXFileReference; lastKnownFileType = sourcecode.swift; path = TapTaskTrialViewController.swift; sourceTree = "<group>"; };
		65FC45A220F39FAF00B2A7CF /* DeviceInfo.swift */ = {isa = PBXFileReference; lastKnownFileType = sourcecode.swift; path = DeviceInfo.swift; sourceTree = "<group>"; };
		65FC45A420F3A00900B2A7CF /* UIDevice+HCI.swift */ = {isa = PBXFileReference; lastKnownFileType = sourcecode.swift; path = "UIDevice+HCI.swift"; sourceTree = "<group>"; };
		65FC45A620F3A04C00B2A7CF /* UIApplication+HCI.swift */ = {isa = PBXFileReference; lastKnownFileType = sourcecode.swift; path = "UIApplication+HCI.swift"; sourceTree = "<group>"; };
		65FC45A820F3A13300B2A7CF /* Participant.swift */ = {isa = PBXFileReference; lastKnownFileType = sourcecode.swift; path = Participant.swift; sourceTree = "<group>"; };
/* End PBXFileReference section */

/* Begin PBXFrameworksBuildPhase section */
		6548A9E520E663E700B7C73F /* Frameworks */ = {
			isa = PBXFrameworksBuildPhase;
			buildActionMask = 2147483647;
			files = (
			);
			runOnlyForDeploymentPostprocessing = 0;
		};
/* End PBXFrameworksBuildPhase section */

/* Begin PBXGroup section */
		6548A9DF20E663E700B7C73F = {
			isa = PBXGroup;
			children = (
				6548A9EA20E663E700B7C73F /* MyTouch */,
				6548A9E920E663E700B7C73F /* Products */,
			);
			sourceTree = "<group>";
		};
		6548A9E920E663E700B7C73F /* Products */ = {
			isa = PBXGroup;
			children = (
				6548A9E820E663E700B7C73F /* MyTouch.app */,
			);
			name = Products;
			sourceTree = "<group>";
		};
		6548A9EA20E663E700B7C73F /* MyTouch */ = {
			isa = PBXGroup;
			children = (
				6548A9EB20E663E700B7C73F /* AppDelegate.swift */,
				6514074720FC9770006BD17A /* EventsManager.swift */,
				65FC45A020F39BA200B2A7CF /* Extensions */,
				65F8BD4E20EB88FA002F7C69 /* Gesture Recognizers */,
				6548AA1020E66DB200B7C73F /* Base ViewControllers */,
				6548AA2720E769A300B7C73F /* Tap Task */,
				65F9246420E8D33F00A32BB0 /* Views */,
				6548A9FD20E664C000B7C73F /* Models */,
				6548A9EF20E663E800B7C73F /* Main.storyboard */,
				6548A9F220E663E900B7C73F /* Assets.xcassets */,
				6548A9F420E663E900B7C73F /* LaunchScreen.storyboard */,
				6548A9F720E663E900B7C73F /* Info.plist */,
				6548AA1A20E6717000B7C73F /* Localizable.strings */,
			);
			path = MyTouch;
			sourceTree = "<group>";
		};
		6548A9FD20E664C000B7C73F /* Models */ = {
			isa = PBXGroup;
			children = (
				6548A9FE20E6655500B7C73F /* RawTouch.swift */,
				6548AA2C20E7A84000B7C73F /* RawTouchTrack.swift */,
				65DE73BB20F0F04E009D5928 /* GestureRecognizerEvent.swift */,
				65FC45A120F39F9A00B2A7CF /* Trials */,
				6548AA0420E666A600B7C73F /* Task.swift */,
				65FC45A220F39FAF00B2A7CF /* DeviceInfo.swift */,
				65FC45A820F3A13300B2A7CF /* Participant.swift */,
				6548AA0C20E6684400B7C73F /* Exam.swift */,
			);
			path = Models;
			sourceTree = "<group>";
		};
		6548AA1020E66DB200B7C73F /* Base ViewControllers */ = {
			isa = PBXGroup;
			children = (
				6548AA0E20E66DAD00B7C73F /* HomeViewController.swift */,
				65A470CB20EF967A0055E46E /* TaskInstructionViewController.swift */,
				65F9246020E8A81100A32BB0 /* TaskTrialViewController.swift */,
				65F9246220E8D24000A32BB0 /* TaskEndViewController.swift */,
			);
			path = "Base ViewControllers";
			sourceTree = "<group>";
		};
		6548AA2720E769A300B7C73F /* Tap Task */ = {
			isa = PBXGroup;
			children = (
				65A470CD20EF9EF10055E46E /* TapTaskInstructionViewController.swift */,
				65DC072D20F141E70070A7A7 /* TapTaskPracticeViewController.swift */,
				65F9246520E8D39A00A32BB0 /* TapTaskTrialViewController.swift */,
				6548AA2A20E769F600B7C73F /* TapPracticeView.swift */,
				65721BE820E9F4E900466E22 /* TapTrialView.swift */,
			);
			path = "Tap Task";
			sourceTree = "<group>";
		};
		65F8BD4E20EB88FA002F7C69 /* Gesture Recognizers */ = {
			isa = PBXGroup;
			children = (
				65721BEA20EA28BE00466E22 /* TouchUpInsideGestureRecognizer.swift */,
				65F8BD4C20EAAB25002F7C69 /* TzuChuanGestureRecognizer.swift */,
			);
			path = "Gesture Recognizers";
			sourceTree = "<group>";
		};
		65F9246420E8D33F00A32BB0 /* Views */ = {
			isa = PBXGroup;
			children = (
				65F9245E20E800C900A32BB0 /* TouchTrackingView.swift */,
				6582148120ECF6B50025A03B /* TrialView.swift */,
				6592ACF820E90667006A1BCB /* CountdownView.swift */,
			);
			path = Views;
			sourceTree = "<group>";
		};
		65FC45A020F39BA200B2A7CF /* Extensions */ = {
			isa = PBXGroup;
			children = (
				65EE0F0820EF42F200EB8929 /* UIView+HCI.swift */,
				6548AA1E20E6770200B7C73F /* UIImage+HCI.swift */,
				6548AA2F20E7B2B400B7C73F /* UIColor+HCI.swift */,
				65FC45A420F3A00900B2A7CF /* UIDevice+HCI.swift */,
				65FC45A620F3A04C00B2A7CF /* UIApplication+HCI.swift */,
				6514074920FDB013006BD17A /* Collection+HCI.swift */,
			);
			path = Extensions;
			sourceTree = "<group>";
		};
		65FC45A120F39F9A00B2A7CF /* Trials */ = {
			isa = PBXGroup;
			children = (
				6548AA0020E665E800B7C73F /* Trial.swift */,
				6548AA0220E6664A00B7C73F /* TapTrial.swift */,
				6548AA0620E666CF00B7C73F /* SwipeTrial.swift */,
				6548AA0A20E667BB00B7C73F /* DragAndDropTrial.swift */,
			);
			path = Trials;
			sourceTree = "<group>";
		};
/* End PBXGroup section */

/* Begin PBXNativeTarget section */
		6548A9E720E663E700B7C73F /* MyTouch */ = {
			isa = PBXNativeTarget;
			buildConfigurationList = 6548A9FA20E663E900B7C73F /* Build configuration list for PBXNativeTarget "MyTouch" */;
			buildPhases = (
				6548A9E420E663E700B7C73F /* Sources */,
				6548A9E520E663E700B7C73F /* Frameworks */,
				6548A9E620E663E700B7C73F /* Resources */,
			);
			buildRules = (
			);
			dependencies = (
			);
			name = MyTouch;
			productName = MyTouch;
			productReference = 6548A9E820E663E700B7C73F /* MyTouch.app */;
			productType = "com.apple.product-type.application";
		};
/* End PBXNativeTarget section */

/* Begin PBXProject section */
		6548A9E020E663E700B7C73F /* Project object */ = {
			isa = PBXProject;
			attributes = {
				LastSwiftUpdateCheck = 1000;
				LastUpgradeCheck = 1000;
				ORGANIZATIONNAME = "NTU HCI Lab";
				TargetAttributes = {
					6548A9E720E663E700B7C73F = {
						CreatedOnToolsVersion = 10.0;
						LastSwiftMigration = 1000;
						SystemCapabilities = {
							com.apple.BackgroundModes = {
								enabled = 0;
							};
						};
					};
				};
			};
			buildConfigurationList = 6548A9E320E663E700B7C73F /* Build configuration list for PBXProject "MyTouch" */;
			compatibilityVersion = "Xcode 9.3";
			developmentRegion = en;
			hasScannedForEncodings = 0;
			knownRegions = (
				en,
				Base,
				"zh-Hant",
			);
			mainGroup = 6548A9DF20E663E700B7C73F;
			productRefGroup = 6548A9E920E663E700B7C73F /* Products */;
			projectDirPath = "";
			projectRoot = "";
			targets = (
				6548A9E720E663E700B7C73F /* MyTouch */,
			);
		};
/* End PBXProject section */

/* Begin PBXResourcesBuildPhase section */
		6548A9E620E663E700B7C73F /* Resources */ = {
			isa = PBXResourcesBuildPhase;
			buildActionMask = 2147483647;
			files = (
				6548A9F620E663E900B7C73F /* LaunchScreen.storyboard in Resources */,
				6548AA1820E6717000B7C73F /* Localizable.strings in Resources */,
				6548A9F320E663E900B7C73F /* Assets.xcassets in Resources */,
				6548A9F120E663E800B7C73F /* Main.storyboard in Resources */,
			);
			runOnlyForDeploymentPostprocessing = 0;
		};
/* End PBXResourcesBuildPhase section */

/* Begin PBXSourcesBuildPhase section */
		6548A9E420E663E700B7C73F /* Sources */ = {
			isa = PBXSourcesBuildPhase;
			buildActionMask = 2147483647;
			files = (
				6548AA0520E666A600B7C73F /* Task.swift in Sources */,
				65F9246320E8D24000A32BB0 /* TaskEndViewController.swift in Sources */,
				65FC45A920F3A13300B2A7CF /* Participant.swift in Sources */,
				6548A9FF20E6655500B7C73F /* RawTouch.swift in Sources */,
				6514074A20FDB013006BD17A /* Collection+HCI.swift in Sources */,
				65FC45A720F3A04C00B2A7CF /* UIApplication+HCI.swift in Sources */,
				6592ACF920E90667006A1BCB /* CountdownView.swift in Sources */,
				6548AA0B20E667BB00B7C73F /* DragAndDropTrial.swift in Sources */,
				65721BE920E9F4E900466E22 /* TapTrialView.swift in Sources */,
				65A470CC20EF967A0055E46E /* TaskInstructionViewController.swift in Sources */,
				65FC45A520F3A00900B2A7CF /* UIDevice+HCI.swift in Sources */,
				65FC45A320F39FAF00B2A7CF /* DeviceInfo.swift in Sources */,
				65F9246620E8D39A00A32BB0 /* TapTaskTrialViewController.swift in Sources */,
				6548AA3020E7B2B400B7C73F /* UIColor+HCI.swift in Sources */,
				6548AA0120E665E800B7C73F /* Trial.swift in Sources */,
				6548AA0F20E66DAD00B7C73F /* HomeViewController.swift in Sources */,
				65F8BD4D20EAAB25002F7C69 /* TzuChuanGestureRecognizer.swift in Sources */,
				6548AA2D20E7A84000B7C73F /* RawTouchTrack.swift in Sources */,
				6548AA0D20E6684400B7C73F /* Exam.swift in Sources */,
				6548AA1F20E6770200B7C73F /* UIImage+HCI.swift in Sources */,
				65EE0F0920EF42F200EB8929 /* UIView+HCI.swift in Sources */,
				65721BEB20EA28BE00466E22 /* TouchUpInsideGestureRecognizer.swift in Sources */,
				6548AA0320E6664A00B7C73F /* TapTrial.swift in Sources */,
				6582148220ECF6B50025A03B /* TrialView.swift in Sources */,
				6548AA0720E666CF00B7C73F /* SwipeTrial.swift in Sources */,
				65DE73BC20F0F04E009D5928 /* GestureRecognizerEvent.swift in Sources */,
				65A470CE20EF9EF20055E46E /* TapTaskInstructionViewController.swift in Sources */,
				65F9246120E8A81100A32BB0 /* TaskTrialViewController.swift in Sources */,
				65DC072E20F141E70070A7A7 /* TapTaskPracticeViewController.swift in Sources */,
				65F9245F20E800C900A32BB0 /* TouchTrackingView.swift in Sources */,
				6548AA2B20E769F600B7C73F /* TapPracticeView.swift in Sources */,
				6514074820FC9770006BD17A /* EventsManager.swift in Sources */,
				6548A9EC20E663E700B7C73F /* AppDelegate.swift in Sources */,
			);
			runOnlyForDeploymentPostprocessing = 0;
		};
/* End PBXSourcesBuildPhase section */

/* Begin PBXVariantGroup section */
		6548A9EF20E663E800B7C73F /* Main.storyboard */ = {
			isa = PBXVariantGroup;
			children = (
				6548A9F020E663E800B7C73F /* Base */,
				6548AA1B20E6718200B7C73F /* zh-Hant */,
			);
			name = Main.storyboard;
			sourceTree = "<group>";
		};
		6548A9F420E663E900B7C73F /* LaunchScreen.storyboard */ = {
			isa = PBXVariantGroup;
			children = (
				6548A9F520E663E900B7C73F /* Base */,
				6548AA1C20E6718200B7C73F /* zh-Hant */,
			);
			name = LaunchScreen.storyboard;
			sourceTree = "<group>";
		};
		6548AA1A20E6717000B7C73F /* Localizable.strings */ = {
			isa = PBXVariantGroup;
			children = (
				6548AA1920E6717000B7C73F /* en */,
				6548AA1D20E6718200B7C73F /* zh-Hant */,
			);
			name = Localizable.strings;
			sourceTree = "<group>";
		};
/* End PBXVariantGroup section */

/* Begin XCBuildConfiguration section */
		6548A9F820E663E900B7C73F /* Debug */ = {
			isa = XCBuildConfiguration;
			buildSettings = {
				ALWAYS_SEARCH_USER_PATHS = NO;
				CLANG_ANALYZER_LOCALIZABILITY_NONLOCALIZED = YES;
				CLANG_ANALYZER_NONNULL = YES;
				CLANG_ANALYZER_NUMBER_OBJECT_CONVERSION = YES_AGGRESSIVE;
				CLANG_CXX_LANGUAGE_STANDARD = "gnu++14";
				CLANG_CXX_LIBRARY = "libc++";
				CLANG_ENABLE_MODULES = YES;
				CLANG_ENABLE_OBJC_ARC = YES;
				CLANG_ENABLE_OBJC_WEAK = YES;
				CLANG_WARN_BLOCK_CAPTURE_AUTORELEASING = YES;
				CLANG_WARN_BOOL_CONVERSION = YES;
				CLANG_WARN_COMMA = YES;
				CLANG_WARN_CONSTANT_CONVERSION = YES;
				CLANG_WARN_DEPRECATED_OBJC_IMPLEMENTATIONS = YES;
				CLANG_WARN_DIRECT_OBJC_ISA_USAGE = YES_ERROR;
				CLANG_WARN_DOCUMENTATION_COMMENTS = YES;
				CLANG_WARN_EMPTY_BODY = YES;
				CLANG_WARN_ENUM_CONVERSION = YES;
				CLANG_WARN_INFINITE_RECURSION = YES;
				CLANG_WARN_INT_CONVERSION = YES;
				CLANG_WARN_NON_LITERAL_NULL_CONVERSION = YES;
				CLANG_WARN_OBJC_IMPLICIT_RETAIN_SELF = YES;
				CLANG_WARN_OBJC_LITERAL_CONVERSION = YES;
				CLANG_WARN_OBJC_ROOT_CLASS = YES_ERROR;
				CLANG_WARN_RANGE_LOOP_ANALYSIS = YES;
				CLANG_WARN_STRICT_PROTOTYPES = YES;
				CLANG_WARN_SUSPICIOUS_MOVE = YES;
				CLANG_WARN_UNGUARDED_AVAILABILITY = YES_AGGRESSIVE;
				CLANG_WARN_UNREACHABLE_CODE = YES;
				CLANG_WARN__DUPLICATE_METHOD_MATCH = YES;
				CODE_SIGN_IDENTITY = "iPhone Developer";
				COPY_PHASE_STRIP = NO;
				DEBUG_INFORMATION_FORMAT = dwarf;
				ENABLE_STRICT_OBJC_MSGSEND = YES;
				ENABLE_TESTABILITY = YES;
				GCC_C_LANGUAGE_STANDARD = gnu11;
				GCC_DYNAMIC_NO_PIC = NO;
				GCC_NO_COMMON_BLOCKS = YES;
				GCC_OPTIMIZATION_LEVEL = 0;
				GCC_PREPROCESSOR_DEFINITIONS = (
					"DEBUG=1",
					"$(inherited)",
				);
				GCC_WARN_64_TO_32_BIT_CONVERSION = YES;
				GCC_WARN_ABOUT_RETURN_TYPE = YES_ERROR;
				GCC_WARN_UNDECLARED_SELECTOR = YES;
				GCC_WARN_UNINITIALIZED_AUTOS = YES_AGGRESSIVE;
				GCC_WARN_UNUSED_FUNCTION = YES;
				GCC_WARN_UNUSED_VARIABLE = YES;
				IPHONEOS_DEPLOYMENT_TARGET = 11.0;
				MTL_ENABLE_DEBUG_INFO = INCLUDE_SOURCE;
				ONLY_ACTIVE_ARCH = YES;
				SDKROOT = iphoneos;
				SWIFT_ACTIVE_COMPILATION_CONDITIONS = DEBUG;
				SWIFT_OPTIMIZATION_LEVEL = "-Onone";
			};
			name = Debug;
		};
		6548A9F920E663E900B7C73F /* Release */ = {
			isa = XCBuildConfiguration;
			buildSettings = {
				ALWAYS_SEARCH_USER_PATHS = NO;
				CLANG_ANALYZER_LOCALIZABILITY_NONLOCALIZED = YES;
				CLANG_ANALYZER_NONNULL = YES;
				CLANG_ANALYZER_NUMBER_OBJECT_CONVERSION = YES_AGGRESSIVE;
				CLANG_CXX_LANGUAGE_STANDARD = "gnu++14";
				CLANG_CXX_LIBRARY = "libc++";
				CLANG_ENABLE_MODULES = YES;
				CLANG_ENABLE_OBJC_ARC = YES;
				CLANG_ENABLE_OBJC_WEAK = YES;
				CLANG_WARN_BLOCK_CAPTURE_AUTORELEASING = YES;
				CLANG_WARN_BOOL_CONVERSION = YES;
				CLANG_WARN_COMMA = YES;
				CLANG_WARN_CONSTANT_CONVERSION = YES;
				CLANG_WARN_DEPRECATED_OBJC_IMPLEMENTATIONS = YES;
				CLANG_WARN_DIRECT_OBJC_ISA_USAGE = YES_ERROR;
				CLANG_WARN_DOCUMENTATION_COMMENTS = YES;
				CLANG_WARN_EMPTY_BODY = YES;
				CLANG_WARN_ENUM_CONVERSION = YES;
				CLANG_WARN_INFINITE_RECURSION = YES;
				CLANG_WARN_INT_CONVERSION = YES;
				CLANG_WARN_NON_LITERAL_NULL_CONVERSION = YES;
				CLANG_WARN_OBJC_IMPLICIT_RETAIN_SELF = YES;
				CLANG_WARN_OBJC_LITERAL_CONVERSION = YES;
				CLANG_WARN_OBJC_ROOT_CLASS = YES_ERROR;
				CLANG_WARN_RANGE_LOOP_ANALYSIS = YES;
				CLANG_WARN_STRICT_PROTOTYPES = YES;
				CLANG_WARN_SUSPICIOUS_MOVE = YES;
				CLANG_WARN_UNGUARDED_AVAILABILITY = YES_AGGRESSIVE;
				CLANG_WARN_UNREACHABLE_CODE = YES;
				CLANG_WARN__DUPLICATE_METHOD_MATCH = YES;
				CODE_SIGN_IDENTITY = "iPhone Developer";
				COPY_PHASE_STRIP = NO;
				DEBUG_INFORMATION_FORMAT = "dwarf-with-dsym";
				ENABLE_NS_ASSERTIONS = NO;
				ENABLE_STRICT_OBJC_MSGSEND = YES;
				GCC_C_LANGUAGE_STANDARD = gnu11;
				GCC_NO_COMMON_BLOCKS = YES;
				GCC_WARN_64_TO_32_BIT_CONVERSION = YES;
				GCC_WARN_ABOUT_RETURN_TYPE = YES_ERROR;
				GCC_WARN_UNDECLARED_SELECTOR = YES;
				GCC_WARN_UNINITIALIZED_AUTOS = YES_AGGRESSIVE;
				GCC_WARN_UNUSED_FUNCTION = YES;
				GCC_WARN_UNUSED_VARIABLE = YES;
				IPHONEOS_DEPLOYMENT_TARGET = 11.0;
				MTL_ENABLE_DEBUG_INFO = NO;
				SDKROOT = iphoneos;
				SWIFT_COMPILATION_MODE = wholemodule;
				SWIFT_OPTIMIZATION_LEVEL = "-O";
				VALIDATE_PRODUCT = YES;
			};
			name = Release;
		};
		6548A9FB20E663E900B7C73F /* Debug */ = {
			isa = XCBuildConfiguration;
			buildSettings = {
				ASSETCATALOG_COMPILER_APPICON_NAME = AppIcon;
				CODE_SIGN_STYLE = Automatic;
				DEVELOPMENT_TEAM = XR36VWF86K;
				INFOPLIST_FILE = MyTouch/Info.plist;
				LD_RUNPATH_SEARCH_PATHS = (
					"$(inherited)",
					"@executable_path/Frameworks",
				);
				PRODUCT_BUNDLE_IDENTIFIER = tw.edu.ntu.csie.hci.MyTouch;
				PRODUCT_NAME = "$(TARGET_NAME)";
				SWIFT_VERSION = 4.1;
				TARGETED_DEVICE_FAMILY = 2;
			};
			name = Debug;
		};
		6548A9FC20E663E900B7C73F /* Release */ = {
			isa = XCBuildConfiguration;
			buildSettings = {
				ASSETCATALOG_COMPILER_APPICON_NAME = AppIcon;
				CODE_SIGN_STYLE = Automatic;
				DEVELOPMENT_TEAM = XR36VWF86K;
				INFOPLIST_FILE = MyTouch/Info.plist;
				LD_RUNPATH_SEARCH_PATHS = (
					"$(inherited)",
					"@executable_path/Frameworks",
				);
				PRODUCT_BUNDLE_IDENTIFIER = tw.edu.ntu.csie.hci.MyTouch;
				PRODUCT_NAME = "$(TARGET_NAME)";
				SWIFT_VERSION = 4.1;
				TARGETED_DEVICE_FAMILY = 2;
			};
			name = Release;
		};
/* End XCBuildConfiguration section */

/* Begin XCConfigurationList section */
		6548A9E320E663E700B7C73F /* Build configuration list for PBXProject "MyTouch" */ = {
			isa = XCConfigurationList;
			buildConfigurations = (
				6548A9F820E663E900B7C73F /* Debug */,
				6548A9F920E663E900B7C73F /* Release */,
			);
			defaultConfigurationIsVisible = 0;
			defaultConfigurationName = Release;
		};
		6548A9FA20E663E900B7C73F /* Build configuration list for PBXNativeTarget "MyTouch" */ = {
			isa = XCConfigurationList;
			buildConfigurations = (
				6548A9FB20E663E900B7C73F /* Debug */,
				6548A9FC20E663E900B7C73F /* Release */,
			);
			defaultConfigurationIsVisible = 0;
			defaultConfigurationName = Release;
		};
/* End XCConfigurationList section */
	};
	rootObject = 6548A9E020E663E700B7C73F /* Project object */;
}
